// !$*UTF8*$!
{
	archiveVersion = 1;
	classes = {
	};
	objectVersion = 48;
	objects = {

/* Begin PBXBuildFile section */
		128894D276E8A9FA828DA459 /* Pods_ZJPageControllerTests.framework in Frameworks */ = {isa = PBXBuildFile; fileRef = 9217832948C980288E2FB45D /* Pods_ZJPageControllerTests.framework */; };
		B60AD34620E3632300393066 /* UIImage+ZJExtension.m in Sources */ = {isa = PBXBuildFile; fileRef = B60AD34520E3632300393066 /* UIImage+ZJExtension.m */; };
		B63B79AA20B58DAB0014FC90 /* Main.storyboard in Resources */ = {isa = PBXBuildFile; fileRef = B63B79A820B58DAB0014FC90 /* Main.storyboard */; };
		B63B79AC20B58DAB0014FC90 /* Assets.xcassets in Resources */ = {isa = PBXBuildFile; fileRef = B63B79AB20B58DAB0014FC90 /* Assets.xcassets */; };
		B63B79AF20B58DAB0014FC90 /* LaunchScreen.storyboard in Resources */ = {isa = PBXBuildFile; fileRef = B63B79AD20B58DAB0014FC90 /* LaunchScreen.storyboard */; };
		B63B79B220B58DAB0014FC90 /* main.m in Sources */ = {isa = PBXBuildFile; fileRef = B63B79B120B58DAB0014FC90 /* main.m */; };
		B63B79BC20B58DAB0014FC90 /* ZJPageControllerTests.m in Sources */ = {isa = PBXBuildFile; fileRef = B63B79BB20B58DAB0014FC90 /* ZJPageControllerTests.m */; };
		B63B79C720B58DAB0014FC90 /* ZJPageControllerUITests.m in Sources */ = {isa = PBXBuildFile; fileRef = B63B79C620B58DAB0014FC90 /* ZJPageControllerUITests.m */; };
		B63C51B220C9392E00B9DCF7 /* goodsApi in Resources */ = {isa = PBXBuildFile; fileRef = B63C51B120C9392E00B9DCF7 /* goodsApi */; };
		B63C51BF20CA2D2B00B9DCF7 /* SegmentVerticalController.m in Sources */ = {isa = PBXBuildFile; fileRef = B63C51BD20CA2D2A00B9DCF7 /* SegmentVerticalController.m */; };
		B63C51C320CA30E000B9DCF7 /* NetWorkEngine.m in Sources */ = {isa = PBXBuildFile; fileRef = B63C51C120CA30E000B9DCF7 /* NetWorkEngine.m */; };
		B63C51C620CA42BA00B9DCF7 /* ImgModel.m in Sources */ = {isa = PBXBuildFile; fileRef = B63C51C520CA42BA00B9DCF7 /* ImgModel.m */; };
		B63C51C920CA45BB00B9DCF7 /* ImageCell.m in Sources */ = {isa = PBXBuildFile; fileRef = B63C51C820CA45BB00B9DCF7 /* ImageCell.m */; };
		B63C51CC20CA481200B9DCF7 /* TitleCell.m in Sources */ = {isa = PBXBuildFile; fileRef = B63C51CB20CA481200B9DCF7 /* TitleCell.m */; };
		B63C51CF20CA4CD300B9DCF7 /* UIView+Appertain.m in Sources */ = {isa = PBXBuildFile; fileRef = B63C51CE20CA4CD300B9DCF7 /* UIView+Appertain.m */; };
		B64550A220B653B900D5A27D /* ZJSegmentView.m in Sources */ = {isa = PBXBuildFile; fileRef = B64550A120B653B900D5A27D /* ZJSegmentView.m */; };
		B64550A520B67F6500D5A27D /* ZJPageViewController.m in Sources */ = {isa = PBXBuildFile; fileRef = B64550A420B67F6500D5A27D /* ZJPageViewController.m */; };
		B64550A920B6860B00D5A27D /* UIColor+HexConvert.m in Sources */ = {isa = PBXBuildFile; fileRef = B64550A720B6860B00D5A27D /* UIColor+HexConvert.m */; };
		B66F730D20BCEBC700416177 /* TabBarController.m in Sources */ = {isa = PBXBuildFile; fileRef = B66F730920BCEBC700416177 /* TabBarController.m */; };
		B66F730E20BCEBC700416177 /* AppDelegate.m in Sources */ = {isa = PBXBuildFile; fileRef = B66F730C20BCEBC700416177 /* AppDelegate.m */; };
		B66F731620BCEBCE00416177 /* CartViewController.m in Sources */ = {isa = PBXBuildFile; fileRef = B66F731120BCEBCE00416177 /* CartViewController.m */; };
		B66F731720BCEBCE00416177 /* MainViewController.m in Sources */ = {isa = PBXBuildFile; fileRef = B66F731220BCEBCE00416177 /* MainViewController.m */; };
		B66F731820BCEBCE00416177 /* LeftViewController.m in Sources */ = {isa = PBXBuildFile; fileRef = B66F731320BCEBCE00416177 /* LeftViewController.m */; };
		B66F731B20BCEC1400416177 /* ZJNavigationController.m in Sources */ = {isa = PBXBuildFile; fileRef = B66F731A20BCEC1400416177 /* ZJNavigationController.m */; };
		B67A67B3215A2B7700C59205 /* ZJBlendView.m in Sources */ = {isa = PBXBuildFile; fileRef = B67A67B2215A2B7700C59205 /* ZJBlendView.m */; };
		BFB81794E165A6522D2658D6 /* Pods_ZJPageController.framework in Frameworks */ = {isa = PBXBuildFile; fileRef = 3321EE6A6D1742E330EDEC6F /* Pods_ZJPageController.framework */; };
		C02B012955C81E7ED1D1A453 /* Pods_ZJPageControllerUITests.framework in Frameworks */ = {isa = PBXBuildFile; fileRef = 5AEA7CA38E04E04D9CECC034 /* Pods_ZJPageControllerUITests.framework */; };
/* End PBXBuildFile section */

/* Begin PBXContainerItemProxy section */
		B63B79B820B58DAB0014FC90 /* PBXContainerItemProxy */ = {
			isa = PBXContainerItemProxy;
			containerPortal = B63B799720B58DAB0014FC90 /* Project object */;
			proxyType = 1;
			remoteGlobalIDString = B63B799E20B58DAB0014FC90;
			remoteInfo = ZJPageController;
		};
		B63B79C320B58DAB0014FC90 /* PBXContainerItemProxy */ = {
			isa = PBXContainerItemProxy;
			containerPortal = B63B799720B58DAB0014FC90 /* Project object */;
			proxyType = 1;
			remoteGlobalIDString = B63B799E20B58DAB0014FC90;
			remoteInfo = ZJPageController;
		};
/* End PBXContainerItemProxy section */

/* Begin PBXFileReference section */
		3321EE6A6D1742E330EDEC6F /* Pods_ZJPageController.framework */ = {isa = PBXFileReference; explicitFileType = wrapper.framework; includeInIndex = 0; path = Pods_ZJPageController.framework; sourceTree = BUILT_PRODUCTS_DIR; };
		372E302501B8448DDC33D138 /* Pods-ZJPageControllerTests.debug.xcconfig */ = {isa = PBXFileReference; includeInIndex = 1; lastKnownFileType = text.xcconfig; name = "Pods-ZJPageControllerTests.debug.xcconfig"; path = "Pods/Target Support Files/Pods-ZJPageControllerTests/Pods-ZJPageControllerTests.debug.xcconfig"; sourceTree = "<group>"; };
		590402894F688E5D9B6A5261 /* Pods-ZJPageControllerUITests.debug.xcconfig */ = {isa = PBXFileReference; includeInIndex = 1; lastKnownFileType = text.xcconfig; name = "Pods-ZJPageControllerUITests.debug.xcconfig"; path = "Pods/Target Support Files/Pods-ZJPageControllerUITests/Pods-ZJPageControllerUITests.debug.xcconfig"; sourceTree = "<group>"; };
		5AEA7CA38E04E04D9CECC034 /* Pods_ZJPageControllerUITests.framework */ = {isa = PBXFileReference; explicitFileType = wrapper.framework; includeInIndex = 0; path = Pods_ZJPageControllerUITests.framework; sourceTree = BUILT_PRODUCTS_DIR; };
		64E6C278A93AA7372E6B6A82 /* Pods-ZJPageControllerUITests.release.xcconfig */ = {isa = PBXFileReference; includeInIndex = 1; lastKnownFileType = text.xcconfig; name = "Pods-ZJPageControllerUITests.release.xcconfig"; path = "Pods/Target Support Files/Pods-ZJPageControllerUITests/Pods-ZJPageControllerUITests.release.xcconfig"; sourceTree = "<group>"; };
		781DC7F31B1F878FAFD210DE /* Pods-ZJPageController.release.xcconfig */ = {isa = PBXFileReference; includeInIndex = 1; lastKnownFileType = text.xcconfig; name = "Pods-ZJPageController.release.xcconfig"; path = "Pods/Target Support Files/Pods-ZJPageController/Pods-ZJPageController.release.xcconfig"; sourceTree = "<group>"; };
		9217832948C980288E2FB45D /* Pods_ZJPageControllerTests.framework */ = {isa = PBXFileReference; explicitFileType = wrapper.framework; includeInIndex = 0; path = Pods_ZJPageControllerTests.framework; sourceTree = BUILT_PRODUCTS_DIR; };
		B60AD34420E3632300393066 /* UIImage+ZJExtension.h */ = {isa = PBXFileReference; lastKnownFileType = sourcecode.c.h; path = "UIImage+ZJExtension.h"; sourceTree = "<group>"; };
		B60AD34520E3632300393066 /* UIImage+ZJExtension.m */ = {isa = PBXFileReference; lastKnownFileType = sourcecode.c.objc; path = "UIImage+ZJExtension.m"; sourceTree = "<group>"; };
		B63B799F20B58DAB0014FC90 /* ZJPageController.app */ = {isa = PBXFileReference; explicitFileType = wrapper.application; includeInIndex = 0; path = ZJPageController.app; sourceTree = BUILT_PRODUCTS_DIR; };
		B63B79A920B58DAB0014FC90 /* Base */ = {isa = PBXFileReference; lastKnownFileType = file.storyboard; name = Base; path = Base.lproj/Main.storyboard; sourceTree = "<group>"; };
		B63B79AB20B58DAB0014FC90 /* Assets.xcassets */ = {isa = PBXFileReference; lastKnownFileType = folder.assetcatalog; path = Assets.xcassets; sourceTree = "<group>"; };
		B63B79AE20B58DAB0014FC90 /* Base */ = {isa = PBXFileReference; lastKnownFileType = file.storyboard; name = Base; path = Base.lproj/LaunchScreen.storyboard; sourceTree = "<group>"; };
		B63B79B020B58DAB0014FC90 /* Info.plist */ = {isa = PBXFileReference; lastKnownFileType = text.plist.xml; path = Info.plist; sourceTree = "<group>"; };
		B63B79B120B58DAB0014FC90 /* main.m */ = {isa = PBXFileReference; lastKnownFileType = sourcecode.c.objc; path = main.m; sourceTree = "<group>"; };
		B63B79B720B58DAB0014FC90 /* ZJPageControllerTests.xctest */ = {isa = PBXFileReference; explicitFileType = wrapper.cfbundle; includeInIndex = 0; path = ZJPageControllerTests.xctest; sourceTree = BUILT_PRODUCTS_DIR; };
		B63B79BB20B58DAB0014FC90 /* ZJPageControllerTests.m */ = {isa = PBXFileReference; lastKnownFileType = sourcecode.c.objc; path = ZJPageControllerTests.m; sourceTree = "<group>"; };
		B63B79BD20B58DAB0014FC90 /* Info.plist */ = {isa = PBXFileReference; lastKnownFileType = text.plist.xml; path = Info.plist; sourceTree = "<group>"; };
		B63B79C220B58DAB0014FC90 /* ZJPageControllerUITests.xctest */ = {isa = PBXFileReference; explicitFileType = wrapper.cfbundle; includeInIndex = 0; path = ZJPageControllerUITests.xctest; sourceTree = BUILT_PRODUCTS_DIR; };
		B63B79C620B58DAB0014FC90 /* ZJPageControllerUITests.m */ = {isa = PBXFileReference; lastKnownFileType = sourcecode.c.objc; path = ZJPageControllerUITests.m; sourceTree = "<group>"; };
		B63B79C820B58DAB0014FC90 /* Info.plist */ = {isa = PBXFileReference; lastKnownFileType = text.plist.xml; path = Info.plist; sourceTree = "<group>"; };
		B63C51B120C9392E00B9DCF7 /* goodsApi */ = {isa = PBXFileReference; lastKnownFileType = text; path = goodsApi; sourceTree = "<group>"; };
		B63C51BD20CA2D2A00B9DCF7 /* SegmentVerticalController.m */ = {isa = PBXFileReference; fileEncoding = 4; lastKnownFileType = sourcecode.c.objc; path = SegmentVerticalController.m; sourceTree = "<group>"; };
		B63C51BE20CA2D2A00B9DCF7 /* SegmentVerticalController.h */ = {isa = PBXFileReference; fileEncoding = 4; lastKnownFileType = sourcecode.c.h; path = SegmentVerticalController.h; sourceTree = "<group>"; };
		B63C51C120CA30E000B9DCF7 /* NetWorkEngine.m */ = {isa = PBXFileReference; fileEncoding = 4; lastKnownFileType = sourcecode.c.objc; path = NetWorkEngine.m; sourceTree = "<group>"; };
		B63C51C220CA30E000B9DCF7 /* NetWorkEngine.h */ = {isa = PBXFileReference; fileEncoding = 4; lastKnownFileType = sourcecode.c.h; path = NetWorkEngine.h; sourceTree = "<group>"; };
		B63C51C420CA42BA00B9DCF7 /* ImgModel.h */ = {isa = PBXFileReference; lastKnownFileType = sourcecode.c.h; path = ImgModel.h; sourceTree = "<group>"; };
		B63C51C520CA42BA00B9DCF7 /* ImgModel.m */ = {isa = PBXFileReference; lastKnownFileType = sourcecode.c.objc; path = ImgModel.m; sourceTree = "<group>"; };
		B63C51C720CA45BB00B9DCF7 /* ImageCell.h */ = {isa = PBXFileReference; lastKnownFileType = sourcecode.c.h; path = ImageCell.h; sourceTree = "<group>"; };
		B63C51C820CA45BB00B9DCF7 /* ImageCell.m */ = {isa = PBXFileReference; lastKnownFileType = sourcecode.c.objc; path = ImageCell.m; sourceTree = "<group>"; };
		B63C51CA20CA481200B9DCF7 /* TitleCell.h */ = {isa = PBXFileReference; lastKnownFileType = sourcecode.c.h; path = TitleCell.h; sourceTree = "<group>"; };
		B63C51CB20CA481200B9DCF7 /* TitleCell.m */ = {isa = PBXFileReference; lastKnownFileType = sourcecode.c.objc; path = TitleCell.m; sourceTree = "<group>"; };
		B63C51CD20CA4CD300B9DCF7 /* UIView+Appertain.h */ = {isa = PBXFileReference; lastKnownFileType = sourcecode.c.h; path = "UIView+Appertain.h"; sourceTree = "<group>"; };
		B63C51CE20CA4CD300B9DCF7 /* UIView+Appertain.m */ = {isa = PBXFileReference; lastKnownFileType = sourcecode.c.objc; path = "UIView+Appertain.m"; sourceTree = "<group>"; };
		B64550A020B653B900D5A27D /* ZJSegmentView.h */ = {isa = PBXFileReference; lastKnownFileType = sourcecode.c.h; path = ZJSegmentView.h; sourceTree = "<group>"; };
		B64550A120B653B900D5A27D /* ZJSegmentView.m */ = {isa = PBXFileReference; lastKnownFileType = sourcecode.c.objc; path = ZJSegmentView.m; sourceTree = "<group>"; };
		B64550A320B67F6500D5A27D /* ZJPageViewController.h */ = {isa = PBXFileReference; lastKnownFileType = sourcecode.c.h; path = ZJPageViewController.h; sourceTree = "<group>"; };
		B64550A420B67F6500D5A27D /* ZJPageViewController.m */ = {isa = PBXFileReference; lastKnownFileType = sourcecode.c.objc; path = ZJPageViewController.m; sourceTree = "<group>"; };
		B64550A720B6860B00D5A27D /* UIColor+HexConvert.m */ = {isa = PBXFileReference; fileEncoding = 4; lastKnownFileType = sourcecode.c.objc; path = "UIColor+HexConvert.m"; sourceTree = "<group>"; };
		B64550A820B6860B00D5A27D /* UIColor+HexConvert.h */ = {isa = PBXFileReference; fileEncoding = 4; lastKnownFileType = sourcecode.c.h; path = "UIColor+HexConvert.h"; sourceTree = "<group>"; };
		B66F730920BCEBC700416177 /* TabBarController.m */ = {isa = PBXFileReference; fileEncoding = 4; lastKnownFileType = sourcecode.c.objc; path = TabBarController.m; sourceTree = "<group>"; };
		B66F730A20BCEBC700416177 /* AppDelegate.h */ = {isa = PBXFileReference; fileEncoding = 4; lastKnownFileType = sourcecode.c.h; path = AppDelegate.h; sourceTree = "<group>"; };
		B66F730B20BCEBC700416177 /* TabBarController.h */ = {isa = PBXFileReference; fileEncoding = 4; lastKnownFileType = sourcecode.c.h; path = TabBarController.h; sourceTree = "<group>"; };
		B66F730C20BCEBC700416177 /* AppDelegate.m */ = {isa = PBXFileReference; fileEncoding = 4; lastKnownFileType = sourcecode.c.objc; path = AppDelegate.m; sourceTree = "<group>"; };
		B66F731020BCEBCE00416177 /* LeftViewController.h */ = {isa = PBXFileReference; fileEncoding = 4; lastKnownFileType = sourcecode.c.h; path = LeftViewController.h; sourceTree = "<group>"; };
		B66F731120BCEBCE00416177 /* CartViewController.m */ = {isa = PBXFileReference; fileEncoding = 4; lastKnownFileType = sourcecode.c.objc; path = CartViewController.m; sourceTree = "<group>"; };
		B66F731220BCEBCE00416177 /* MainViewController.m */ = {isa = PBXFileReference; fileEncoding = 4; lastKnownFileType = sourcecode.c.objc; path = MainViewController.m; sourceTree = "<group>"; };
		B66F731320BCEBCE00416177 /* LeftViewController.m */ = {isa = PBXFileReference; fileEncoding = 4; lastKnownFileType = sourcecode.c.objc; path = LeftViewController.m; sourceTree = "<group>"; };
		B66F731420BCEBCE00416177 /* MainViewController.h */ = {isa = PBXFileReference; fileEncoding = 4; lastKnownFileType = sourcecode.c.h; path = MainViewController.h; sourceTree = "<group>"; };
		B66F731520BCEBCE00416177 /* CartViewController.h */ = {isa = PBXFileReference; fileEncoding = 4; lastKnownFileType = sourcecode.c.h; path = CartViewController.h; sourceTree = "<group>"; };
		B66F731920BCEC1400416177 /* ZJNavigationController.h */ = {isa = PBXFileReference; lastKnownFileType = sourcecode.c.h; path = ZJNavigationController.h; sourceTree = "<group>"; };
		B66F731A20BCEC1400416177 /* ZJNavigationController.m */ = {isa = PBXFileReference; lastKnownFileType = sourcecode.c.objc; path = ZJNavigationController.m; sourceTree = "<group>"; };
		B67A67B1215A2B7700C59205 /* ZJBlendView.h */ = {isa = PBXFileReference; lastKnownFileType = sourcecode.c.h; path = ZJBlendView.h; sourceTree = "<group>"; };
		B67A67B2215A2B7700C59205 /* ZJBlendView.m */ = {isa = PBXFileReference; lastKnownFileType = sourcecode.c.objc; path = ZJBlendView.m; sourceTree = "<group>"; };
		B7709F4F289E87F6EA6C6998 /* Pods-ZJPageController.debug.xcconfig */ = {isa = PBXFileReference; includeInIndex = 1; lastKnownFileType = text.xcconfig; name = "Pods-ZJPageController.debug.xcconfig"; path = "Pods/Target Support Files/Pods-ZJPageController/Pods-ZJPageController.debug.xcconfig"; sourceTree = "<group>"; };
		C23914A88E79096E8A2E3919 /* Pods-ZJPageControllerTests.release.xcconfig */ = {isa = PBXFileReference; includeInIndex = 1; lastKnownFileType = text.xcconfig; name = "Pods-ZJPageControllerTests.release.xcconfig"; path = "Pods/Target Support Files/Pods-ZJPageControllerTests/Pods-ZJPageControllerTests.release.xcconfig"; sourceTree = "<group>"; };
/* End PBXFileReference section */

/* Begin PBXFrameworksBuildPhase section */
		B63B799C20B58DAB0014FC90 /* Frameworks */ = {
			isa = PBXFrameworksBuildPhase;
			buildActionMask = 2147483647;
			files = (
				BFB81794E165A6522D2658D6 /* Pods_ZJPageController.framework in Frameworks */,
			);
			runOnlyForDeploymentPostprocessing = 0;
		};
		B63B79B420B58DAB0014FC90 /* Frameworks */ = {
			isa = PBXFrameworksBuildPhase;
			buildActionMask = 2147483647;
			files = (
				128894D276E8A9FA828DA459 /* Pods_ZJPageControllerTests.framework in Frameworks */,
			);
			runOnlyForDeploymentPostprocessing = 0;
		};
		B63B79BF20B58DAB0014FC90 /* Frameworks */ = {
			isa = PBXFrameworksBuildPhase;
			buildActionMask = 2147483647;
			files = (
				C02B012955C81E7ED1D1A453 /* Pods_ZJPageControllerUITests.framework in Frameworks */,
			);
			runOnlyForDeploymentPostprocessing = 0;
		};
/* End PBXFrameworksBuildPhase section */

/* Begin PBXGroup section */
		069EC1B96DB35D7DC6A30DDB /* Pods */ = {
			isa = PBXGroup;
			children = (
				B7709F4F289E87F6EA6C6998 /* Pods-ZJPageController.debug.xcconfig */,
				781DC7F31B1F878FAFD210DE /* Pods-ZJPageController.release.xcconfig */,
				372E302501B8448DDC33D138 /* Pods-ZJPageControllerTests.debug.xcconfig */,
				C23914A88E79096E8A2E3919 /* Pods-ZJPageControllerTests.release.xcconfig */,
				590402894F688E5D9B6A5261 /* Pods-ZJPageControllerUITests.debug.xcconfig */,
				64E6C278A93AA7372E6B6A82 /* Pods-ZJPageControllerUITests.release.xcconfig */,
			);
			name = Pods;
			sourceTree = "<group>";
		};
		7BDBFA7B1B41EDCC3678AEC5 /* Frameworks */ = {
			isa = PBXGroup;
			children = (
				3321EE6A6D1742E330EDEC6F /* Pods_ZJPageController.framework */,
				9217832948C980288E2FB45D /* Pods_ZJPageControllerTests.framework */,
				5AEA7CA38E04E04D9CECC034 /* Pods_ZJPageControllerUITests.framework */,
			);
			name = Frameworks;
			sourceTree = "<group>";
		};
		B63B799620B58DAB0014FC90 = {
			isa = PBXGroup;
			children = (
				B63B79A120B58DAB0014FC90 /* ZJPageController */,
				B63B79BA20B58DAB0014FC90 /* ZJPageControllerTests */,
				B63B79C520B58DAB0014FC90 /* ZJPageControllerUITests */,
				B63B79A020B58DAB0014FC90 /* Products */,
				069EC1B96DB35D7DC6A30DDB /* Pods */,
				7BDBFA7B1B41EDCC3678AEC5 /* Frameworks */,
			);
			sourceTree = "<group>";
		};
		B63B79A020B58DAB0014FC90 /* Products */ = {
			isa = PBXGroup;
			children = (
				B63B799F20B58DAB0014FC90 /* ZJPageController.app */,
				B63B79B720B58DAB0014FC90 /* ZJPageControllerTests.xctest */,
				B63B79C220B58DAB0014FC90 /* ZJPageControllerUITests.xctest */,
			);
			name = Products;
			sourceTree = "<group>";
		};
		B63B79A120B58DAB0014FC90 /* ZJPageController */ = {
			isa = PBXGroup;
			children = (
				B63C51C020CA30CF00B9DCF7 /* Manager */,
				B64550A620B685FC00D5A27D /* Category */,
				B645509F20B653A800D5A27D /* ZJSegmentView */,
				B66F730820BCEBC700416177 /* AppDelegate */,
				B66F730F20BCEBCE00416177 /* Class */,
				B63B79A820B58DAB0014FC90 /* Main.storyboard */,
				B63B79AB20B58DAB0014FC90 /* Assets.xcassets */,
				B63B79AD20B58DAB0014FC90 /* LaunchScreen.storyboard */,
				B63B79B020B58DAB0014FC90 /* Info.plist */,
				B63B79B120B58DAB0014FC90 /* main.m */,
			);
			path = ZJPageController;
			sourceTree = "<group>";
		};
		B63B79BA20B58DAB0014FC90 /* ZJPageControllerTests */ = {
			isa = PBXGroup;
			children = (
				B63B79BB20B58DAB0014FC90 /* ZJPageControllerTests.m */,
				B63B79BD20B58DAB0014FC90 /* Info.plist */,
			);
			path = ZJPageControllerTests;
			sourceTree = "<group>";
		};
		B63B79C520B58DAB0014FC90 /* ZJPageControllerUITests */ = {
			isa = PBXGroup;
			children = (
				B63B79C620B58DAB0014FC90 /* ZJPageControllerUITests.m */,
				B63B79C820B58DAB0014FC90 /* Info.plist */,
			);
			path = ZJPageControllerUITests;
			sourceTree = "<group>";
		};
		B63C51BC20CA2D2A00B9DCF7 /* VerticalController */ = {
			isa = PBXGroup;
			children = (
				B63C51BE20CA2D2A00B9DCF7 /* SegmentVerticalController.h */,
				B63C51BD20CA2D2A00B9DCF7 /* SegmentVerticalController.m */,
				B63C51C720CA45BB00B9DCF7 /* ImageCell.h */,
				B63C51C820CA45BB00B9DCF7 /* ImageCell.m */,
				B63C51CA20CA481200B9DCF7 /* TitleCell.h */,
				B63C51CB20CA481200B9DCF7 /* TitleCell.m */,
				B63C51C420CA42BA00B9DCF7 /* ImgModel.h */,
				B63C51C520CA42BA00B9DCF7 /* ImgModel.m */,
			);
			path = VerticalController;
			sourceTree = "<group>";
		};
		B63C51C020CA30CF00B9DCF7 /* Manager */ = {
			isa = PBXGroup;
			children = (
				B63C51C220CA30E000B9DCF7 /* NetWorkEngine.h */,
				B63C51C120CA30E000B9DCF7 /* NetWorkEngine.m */,
			);
			path = Manager;
			sourceTree = "<group>";
		};
		B645509F20B653A800D5A27D /* ZJSegmentView */ = {
			isa = PBXGroup;
			children = (
				B64550A020B653B900D5A27D /* ZJSegmentView.h */,
				B64550A120B653B900D5A27D /* ZJSegmentView.m */,
				B67A67B1215A2B7700C59205 /* ZJBlendView.h */,
				B67A67B2215A2B7700C59205 /* ZJBlendView.m */,
				B64550A320B67F6500D5A27D /* ZJPageViewController.h */,
				B64550A420B67F6500D5A27D /* ZJPageViewController.m */,
			);
			path = ZJSegmentView;
			sourceTree = "<group>";
		};
		B64550A620B685FC00D5A27D /* Category */ = {
			isa = PBXGroup;
			children = (
				B64550A820B6860B00D5A27D /* UIColor+HexConvert.h */,
				B64550A720B6860B00D5A27D /* UIColor+HexConvert.m */,
				B63C51CD20CA4CD300B9DCF7 /* UIView+Appertain.h */,
				B63C51CE20CA4CD300B9DCF7 /* UIView+Appertain.m */,
				B60AD34420E3632300393066 /* UIImage+ZJExtension.h */,
				B60AD34520E3632300393066 /* UIImage+ZJExtension.m */,
			);
			path = Category;
			sourceTree = "<group>";
		};
		B66F730820BCEBC700416177 /* AppDelegate */ = {
			isa = PBXGroup;
			children = (
				B66F730A20BCEBC700416177 /* AppDelegate.h */,
				B66F730C20BCEBC700416177 /* AppDelegate.m */,
				B66F730B20BCEBC700416177 /* TabBarController.h */,
				B66F730920BCEBC700416177 /* TabBarController.m */,
				B66F731920BCEC1400416177 /* ZJNavigationController.h */,
				B66F731A20BCEC1400416177 /* ZJNavigationController.m */,
			);
			path = AppDelegate;
			sourceTree = "<group>";
		};
		B66F730F20BCEBCE00416177 /* Class */ = {
			isa = PBXGroup;
			children = (
				B66F731020BCEBCE00416177 /* LeftViewController.h */,
				B66F731320BCEBCE00416177 /* LeftViewController.m */,
				B66F731420BCEBCE00416177 /* MainViewController.h */,
				B66F731220BCEBCE00416177 /* MainViewController.m */,
				B66F731520BCEBCE00416177 /* CartViewController.h */,
				B66F731120BCEBCE00416177 /* CartViewController.m */,
				B63C51BC20CA2D2A00B9DCF7 /* VerticalController */,
				B63C51B120C9392E00B9DCF7 /* goodsApi */,
			);
			path = Class;
			sourceTree = "<group>";
		};
/* End PBXGroup section */

/* Begin PBXNativeTarget section */
		B63B799E20B58DAB0014FC90 /* ZJPageController */ = {
			isa = PBXNativeTarget;
			buildConfigurationList = B63B79CB20B58DAB0014FC90 /* Build configuration list for PBXNativeTarget "ZJPageController" */;
			buildPhases = (
				15E22064F3B5E0F3F92EBC19 /* [CP] Check Pods Manifest.lock */,
				B63B799B20B58DAB0014FC90 /* Sources */,
				B63B799C20B58DAB0014FC90 /* Frameworks */,
				B63B799D20B58DAB0014FC90 /* Resources */,
				E2ECFD941AEE45ADA9A58528 /* [CP] Embed Pods Frameworks */,
			);
			buildRules = (
			);
			dependencies = (
			);
			name = ZJPageController;
			productName = ZJPageController;
			productReference = B63B799F20B58DAB0014FC90 /* ZJPageController.app */;
			productType = "com.apple.product-type.application";
		};
		B63B79B620B58DAB0014FC90 /* ZJPageControllerTests */ = {
			isa = PBXNativeTarget;
			buildConfigurationList = B63B79CE20B58DAB0014FC90 /* Build configuration list for PBXNativeTarget "ZJPageControllerTests" */;
			buildPhases = (
				F84E2E8DB067E6DAA97D5534 /* [CP] Check Pods Manifest.lock */,
				B63B79B320B58DAB0014FC90 /* Sources */,
				B63B79B420B58DAB0014FC90 /* Frameworks */,
				B63B79B520B58DAB0014FC90 /* Resources */,
			);
			buildRules = (
			);
			dependencies = (
				B63B79B920B58DAB0014FC90 /* PBXTargetDependency */,
			);
			name = ZJPageControllerTests;
			productName = ZJPageControllerTests;
			productReference = B63B79B720B58DAB0014FC90 /* ZJPageControllerTests.xctest */;
			productType = "com.apple.product-type.bundle.unit-test";
		};
		B63B79C120B58DAB0014FC90 /* ZJPageControllerUITests */ = {
			isa = PBXNativeTarget;
			buildConfigurationList = B63B79D120B58DAB0014FC90 /* Build configuration list for PBXNativeTarget "ZJPageControllerUITests" */;
			buildPhases = (
				811721C2B3C80EAD98CD8D4D /* [CP] Check Pods Manifest.lock */,
				B63B79BE20B58DAB0014FC90 /* Sources */,
				B63B79BF20B58DAB0014FC90 /* Frameworks */,
				B63B79C020B58DAB0014FC90 /* Resources */,
			);
			buildRules = (
			);
			dependencies = (
				B63B79C420B58DAB0014FC90 /* PBXTargetDependency */,
			);
			name = ZJPageControllerUITests;
			productName = ZJPageControllerUITests;
			productReference = B63B79C220B58DAB0014FC90 /* ZJPageControllerUITests.xctest */;
			productType = "com.apple.product-type.bundle.ui-testing";
		};
/* End PBXNativeTarget section */

/* Begin PBXProject section */
		B63B799720B58DAB0014FC90 /* Project object */ = {
			isa = PBXProject;
			attributes = {
				LastUpgradeCheck = 0920;
				ORGANIZATIONNAME = Jion;
				TargetAttributes = {
					B63B799E20B58DAB0014FC90 = {
						CreatedOnToolsVersion = 9.2;
						ProvisioningStyle = Automatic;
					};
					B63B79B620B58DAB0014FC90 = {
						CreatedOnToolsVersion = 9.2;
						ProvisioningStyle = Automatic;
						TestTargetID = B63B799E20B58DAB0014FC90;
					};
					B63B79C120B58DAB0014FC90 = {
						CreatedOnToolsVersion = 9.2;
						ProvisioningStyle = Automatic;
						TestTargetID = B63B799E20B58DAB0014FC90;
					};
				};
			};
			buildConfigurationList = B63B799A20B58DAB0014FC90 /* Build configuration list for PBXProject "ZJPageController" */;
			compatibilityVersion = "Xcode 8.0";
			developmentRegion = en;
			hasScannedForEncodings = 0;
			knownRegions = (
				en,
				Base,
			);
			mainGroup = B63B799620B58DAB0014FC90;
			productRefGroup = B63B79A020B58DAB0014FC90 /* Products */;
			projectDirPath = "";
			projectRoot = "";
			targets = (
				B63B799E20B58DAB0014FC90 /* ZJPageController */,
				B63B79B620B58DAB0014FC90 /* ZJPageControllerTests */,
				B63B79C120B58DAB0014FC90 /* ZJPageControllerUITests */,
			);
		};
/* End PBXProject section */

/* Begin PBXResourcesBuildPhase section */
		B63B799D20B58DAB0014FC90 /* Resources */ = {
			isa = PBXResourcesBuildPhase;
			buildActionMask = 2147483647;
			files = (
				B63B79AF20B58DAB0014FC90 /* LaunchScreen.storyboard in Resources */,
				B63B79AC20B58DAB0014FC90 /* Assets.xcassets in Resources */,
				B63C51B220C9392E00B9DCF7 /* goodsApi in Resources */,
				B63B79AA20B58DAB0014FC90 /* Main.storyboard in Resources */,
			);
			runOnlyForDeploymentPostprocessing = 0;
		};
		B63B79B520B58DAB0014FC90 /* Resources */ = {
			isa = PBXResourcesBuildPhase;
			buildActionMask = 2147483647;
			files = (
			);
			runOnlyForDeploymentPostprocessing = 0;
		};
		B63B79C020B58DAB0014FC90 /* Resources */ = {
			isa = PBXResourcesBuildPhase;
			buildActionMask = 2147483647;
			files = (
			);
			runOnlyForDeploymentPostprocessing = 0;
		};
/* End PBXResourcesBuildPhase section */

/* Begin PBXShellScriptBuildPhase section */
		15E22064F3B5E0F3F92EBC19 /* [CP] Check Pods Manifest.lock */ = {
			isa = PBXShellScriptBuildPhase;
			buildActionMask = 2147483647;
			files = (
			);
			inputPaths = (
				"${PODS_PODFILE_DIR_PATH}/Podfile.lock",
				"${PODS_ROOT}/Manifest.lock",
			);
			name = "[CP] Check Pods Manifest.lock";
			outputPaths = (
				"$(DERIVED_FILE_DIR)/Pods-ZJPageController-checkManifestLockResult.txt",
			);
			runOnlyForDeploymentPostprocessing = 0;
			shellPath = /bin/sh;
			shellScript = "diff \"${PODS_PODFILE_DIR_PATH}/Podfile.lock\" \"${PODS_ROOT}/Manifest.lock\" > /dev/null\nif [ $? != 0 ] ; then\n    # print error to STDERR\n    echo \"error: The sandbox is not in sync with the Podfile.lock. Run 'pod install' or update your CocoaPods installation.\" >&2\n    exit 1\nfi\n# This output is used by Xcode 'outputs' to avoid re-running this script phase.\necho \"SUCCESS\" > \"${SCRIPT_OUTPUT_FILE_0}\"\n";
			showEnvVarsInLog = 0;
		};
		811721C2B3C80EAD98CD8D4D /* [CP] Check Pods Manifest.lock */ = {
			isa = PBXShellScriptBuildPhase;
			buildActionMask = 2147483647;
			files = (
			);
			inputPaths = (
				"${PODS_PODFILE_DIR_PATH}/Podfile.lock",
				"${PODS_ROOT}/Manifest.lock",
			);
			name = "[CP] Check Pods Manifest.lock";
			outputPaths = (
				"$(DERIVED_FILE_DIR)/Pods-ZJPageControllerUITests-checkManifestLockResult.txt",
			);
			runOnlyForDeploymentPostprocessing = 0;
			shellPath = /bin/sh;
			shellScript = "diff \"${PODS_PODFILE_DIR_PATH}/Podfile.lock\" \"${PODS_ROOT}/Manifest.lock\" > /dev/null\nif [ $? != 0 ] ; then\n    # print error to STDERR\n    echo \"error: The sandbox is not in sync with the Podfile.lock. Run 'pod install' or update your CocoaPods installation.\" >&2\n    exit 1\nfi\n# This output is used by Xcode 'outputs' to avoid re-running this script phase.\necho \"SUCCESS\" > \"${SCRIPT_OUTPUT_FILE_0}\"\n";
			showEnvVarsInLog = 0;
		};
		E2ECFD941AEE45ADA9A58528 /* [CP] Embed Pods Frameworks */ = {
			isa = PBXShellScriptBuildPhase;
			buildActionMask = 2147483647;
			files = (
			);
			inputPaths = (
				"${SRCROOT}/Pods/Target Support Files/Pods-ZJPageController/Pods-ZJPageController-frameworks.sh",
				"${BUILT_PRODUCTS_DIR}/FLAnimatedImage/FLAnimatedImage.framework",
				"${BUILT_PRODUCTS_DIR}/MJExtension/MJExtension.framework",
				"${BUILT_PRODUCTS_DIR}/MMDrawerController/MMDrawerController.framework",
				"${BUILT_PRODUCTS_DIR}/Masonry/Masonry.framework",
				"${BUILT_PRODUCTS_DIR}/SDWebImage/SDWebImage.framework",
			);
			name = "[CP] Embed Pods Frameworks";
			outputPaths = (
				"${TARGET_BUILD_DIR}/${FRAMEWORKS_FOLDER_PATH}/FLAnimatedImage.framework",
				"${TARGET_BUILD_DIR}/${FRAMEWORKS_FOLDER_PATH}/MJExtension.framework",
				"${TARGET_BUILD_DIR}/${FRAMEWORKS_FOLDER_PATH}/MMDrawerController.framework",
				"${TARGET_BUILD_DIR}/${FRAMEWORKS_FOLDER_PATH}/Masonry.framework",
				"${TARGET_BUILD_DIR}/${FRAMEWORKS_FOLDER_PATH}/SDWebImage.framework",
			);
			runOnlyForDeploymentPostprocessing = 0;
			shellPath = /bin/sh;
			shellScript = "\"${SRCROOT}/Pods/Target Support Files/Pods-ZJPageController/Pods-ZJPageController-frameworks.sh\"\n";
			showEnvVarsInLog = 0;
		};
		F84E2E8DB067E6DAA97D5534 /* [CP] Check Pods Manifest.lock */ = {
			isa = PBXShellScriptBuildPhase;
			buildActionMask = 2147483647;
			files = (
			);
			inputPaths = (
				"${PODS_PODFILE_DIR_PATH}/Podfile.lock",
				"${PODS_ROOT}/Manifest.lock",
			);
			name = "[CP] Check Pods Manifest.lock";
			outputPaths = (
				"$(DERIVED_FILE_DIR)/Pods-ZJPageControllerTests-checkManifestLockResult.txt",
			);
			runOnlyForDeploymentPostprocessing = 0;
			shellPath = /bin/sh;
			shellScript = "diff \"${PODS_PODFILE_DIR_PATH}/Podfile.lock\" \"${PODS_ROOT}/Manifest.lock\" > /dev/null\nif [ $? != 0 ] ; then\n    # print error to STDERR\n    echo \"error: The sandbox is not in sync with the Podfile.lock. Run 'pod install' or update your CocoaPods installation.\" >&2\n    exit 1\nfi\n# This output is used by Xcode 'outputs' to avoid re-running this script phase.\necho \"SUCCESS\" > \"${SCRIPT_OUTPUT_FILE_0}\"\n";
			showEnvVarsInLog = 0;
		};
/* End PBXShellScriptBuildPhase section */

/* Begin PBXSourcesBuildPhase section */
		B63B799B20B58DAB0014FC90 /* Sources */ = {
			isa = PBXSourcesBuildPhase;
			buildActionMask = 2147483647;
			files = (
				B63C51C620CA42BA00B9DCF7 /* ImgModel.m in Sources */,
				B66F731820BCEBCE00416177 /* LeftViewController.m in Sources */,
				B64550A220B653B900D5A27D /* ZJSegmentView.m in Sources */,
				B63C51C920CA45BB00B9DCF7 /* ImageCell.m in Sources */,
				B63B79B220B58DAB0014FC90 /* main.m in Sources */,
				B63C51CF20CA4CD300B9DCF7 /* UIView+Appertain.m in Sources */,
				B67A67B3215A2B7700C59205 /* ZJBlendView.m in Sources */,
				B60AD34620E3632300393066 /* UIImage+ZJExtension.m in Sources */,
				B63C51BF20CA2D2B00B9DCF7 /* SegmentVerticalController.m in Sources */,
				B66F730E20BCEBC700416177 /* AppDelegate.m in Sources */,
				B63C51CC20CA481200B9DCF7 /* TitleCell.m in Sources */,
				B66F731720BCEBCE00416177 /* MainViewController.m in Sources */,
				B63C51C320CA30E000B9DCF7 /* NetWorkEngine.m in Sources */,
				B66F730D20BCEBC700416177 /* TabBarController.m in Sources */,
				B64550A920B6860B00D5A27D /* UIColor+HexConvert.m in Sources */,
				B66F731B20BCEC1400416177 /* ZJNavigationController.m in Sources */,
				B66F731620BCEBCE00416177 /* CartViewController.m in Sources */,
				B64550A520B67F6500D5A27D /* ZJPageViewController.m in Sources */,
			);
			runOnlyForDeploymentPostprocessing = 0;
		};
		B63B79B320B58DAB0014FC90 /* Sources */ = {
			isa = PBXSourcesBuildPhase;
			buildActionMask = 2147483647;
			files = (
				B63B79BC20B58DAB0014FC90 /* ZJPageControllerTests.m in Sources */,
			);
			runOnlyForDeploymentPostprocessing = 0;
		};
		B63B79BE20B58DAB0014FC90 /* Sources */ = {
			isa = PBXSourcesBuildPhase;
			buildActionMask = 2147483647;
			files = (
				B63B79C720B58DAB0014FC90 /* ZJPageControllerUITests.m in Sources */,
			);
			runOnlyForDeploymentPostprocessing = 0;
		};
/* End PBXSourcesBuildPhase section */

/* Begin PBXTargetDependency section */
		B63B79B920B58DAB0014FC90 /* PBXTargetDependency */ = {
			isa = PBXTargetDependency;
			target = B63B799E20B58DAB0014FC90 /* ZJPageController */;
			targetProxy = B63B79B820B58DAB0014FC90 /* PBXContainerItemProxy */;
		};
		B63B79C420B58DAB0014FC90 /* PBXTargetDependency */ = {
			isa = PBXTargetDependency;
			target = B63B799E20B58DAB0014FC90 /* ZJPageController */;
			targetProxy = B63B79C320B58DAB0014FC90 /* PBXContainerItemProxy */;
		};
/* End PBXTargetDependency section */

/* Begin PBXVariantGroup section */
		B63B79A820B58DAB0014FC90 /* Main.storyboard */ = {
			isa = PBXVariantGroup;
			children = (
				B63B79A920B58DAB0014FC90 /* Base */,
			);
			name = Main.storyboard;
			sourceTree = "<group>";
		};
		B63B79AD20B58DAB0014FC90 /* LaunchScreen.storyboard */ = {
			isa = PBXVariantGroup;
			children = (
				B63B79AE20B58DAB0014FC90 /* Base */,
			);
			name = LaunchScreen.storyboard;
			sourceTree = "<group>";
		};
/* End PBXVariantGroup section */

/* Begin XCBuildConfiguration section */
		B63B79C920B58DAB0014FC90 /* Debug */ = {
			isa = XCBuildConfiguration;
			buildSettings = {
				ALWAYS_SEARCH_USER_PATHS = NO;
				CLANG_ANALYZER_NONNULL = YES;
				CLANG_ANALYZER_NUMBER_OBJECT_CONVERSION = YES_AGGRESSIVE;
				CLANG_CXX_LANGUAGE_STANDARD = "gnu++14";
				CLANG_CXX_LIBRARY = "libc++";
				CLANG_ENABLE_MODULES = YES;
				CLANG_ENABLE_OBJC_ARC = YES;
				CLANG_WARN_BLOCK_CAPTURE_AUTORELEASING = YES;
				CLANG_WARN_BOOL_CONVERSION = YES;
				CLANG_WARN_COMMA = YES;
				CLANG_WARN_CONSTANT_CONVERSION = YES;
				CLANG_WARN_DIRECT_OBJC_ISA_USAGE = YES_ERROR;
				CLANG_WARN_DOCUMENTATION_COMMENTS = YES;
				CLANG_WARN_EMPTY_BODY = YES;
				CLANG_WARN_ENUM_CONVERSION = YES;
				CLANG_WARN_INFINITE_RECURSION = YES;
				CLANG_WARN_INT_CONVERSION = YES;
				CLANG_WARN_NON_LITERAL_NULL_CONVERSION = YES;
				CLANG_WARN_OBJC_LITERAL_CONVERSION = YES;
				CLANG_WARN_OBJC_ROOT_CLASS = YES_ERROR;
				CLANG_WARN_RANGE_LOOP_ANALYSIS = YES;
				CLANG_WARN_STRICT_PROTOTYPES = YES;
				CLANG_WARN_SUSPICIOUS_MOVE = YES;
				CLANG_WARN_UNGUARDED_AVAILABILITY = YES_AGGRESSIVE;
				CLANG_WARN_UNREACHABLE_CODE = YES;
				CLANG_WARN__DUPLICATE_METHOD_MATCH = YES;
				CODE_SIGN_IDENTITY = "iPhone Developer";
				COPY_PHASE_STRIP = NO;
				DEBUG_INFORMATION_FORMAT = dwarf;
				ENABLE_STRICT_OBJC_MSGSEND = YES;
				ENABLE_TESTABILITY = YES;
				GCC_C_LANGUAGE_STANDARD = gnu11;
				GCC_DYNAMIC_NO_PIC = NO;
				GCC_NO_COMMON_BLOCKS = YES;
				GCC_OPTIMIZATION_LEVEL = 0;
				GCC_PREPROCESSOR_DEFINITIONS = (
					"DEBUG=1",
					"$(inherited)",
				);
				GCC_WARN_64_TO_32_BIT_CONVERSION = YES;
				GCC_WARN_ABOUT_RETURN_TYPE = YES_ERROR;
				GCC_WARN_UNDECLARED_SELECTOR = YES;
				GCC_WARN_UNINITIALIZED_AUTOS = YES_AGGRESSIVE;
				GCC_WARN_UNUSED_FUNCTION = YES;
				GCC_WARN_UNUSED_VARIABLE = YES;
				IPHONEOS_DEPLOYMENT_TARGET = 11.2;
				MTL_ENABLE_DEBUG_INFO = YES;
				ONLY_ACTIVE_ARCH = YES;
				SDKROOT = iphoneos;
			};
			name = Debug;
		};
		B63B79CA20B58DAB0014FC90 /* Release */ = {
			isa = XCBuildConfiguration;
			buildSettings = {
				ALWAYS_SEARCH_USER_PATHS = NO;
				CLANG_ANALYZER_NONNULL = YES;
				CLANG_ANALYZER_NUMBER_OBJECT_CONVERSION = YES_AGGRESSIVE;
				CLANG_CXX_LANGUAGE_STANDARD = "gnu++14";
				CLANG_CXX_LIBRARY = "libc++";
				CLANG_ENABLE_MODULES = YES;
				CLANG_ENABLE_OBJC_ARC = YES;
				CLANG_WARN_BLOCK_CAPTURE_AUTORELEASING = YES;
				CLANG_WARN_BOOL_CONVERSION = YES;
				CLANG_WARN_COMMA = YES;
				CLANG_WARN_CONSTANT_CONVERSION = YES;
				CLANG_WARN_DIRECT_OBJC_ISA_USAGE = YES_ERROR;
				CLANG_WARN_DOCUMENTATION_COMMENTS = YES;
				CLANG_WARN_EMPTY_BODY = YES;
				CLANG_WARN_ENUM_CONVERSION = YES;
				CLANG_WARN_INFINITE_RECURSION = YES;
				CLANG_WARN_INT_CONVERSION = YES;
				CLANG_WARN_NON_LITERAL_NULL_CONVERSION = YES;
				CLANG_WARN_OBJC_LITERAL_CONVERSION = YES;
				CLANG_WARN_OBJC_ROOT_CLASS = YES_ERROR;
				CLANG_WARN_RANGE_LOOP_ANALYSIS = YES;
				CLANG_WARN_STRICT_PROTOTYPES = YES;
				CLANG_WARN_SUSPICIOUS_MOVE = YES;
				CLANG_WARN_UNGUARDED_AVAILABILITY = YES_AGGRESSIVE;
				CLANG_WARN_UNREACHABLE_CODE = YES;
				CLANG_WARN__DUPLICATE_METHOD_MATCH = YES;
				CODE_SIGN_IDENTITY = "iPhone Developer";
				COPY_PHASE_STRIP = NO;
				DEBUG_INFORMATION_FORMAT = "dwarf-with-dsym";
				ENABLE_NS_ASSERTIONS = NO;
				ENABLE_STRICT_OBJC_MSGSEND = YES;
				GCC_C_LANGUAGE_STANDARD = gnu11;
				GCC_NO_COMMON_BLOCKS = YES;
				GCC_WARN_64_TO_32_BIT_CONVERSION = YES;
				GCC_WARN_ABOUT_RETURN_TYPE = YES_ERROR;
				GCC_WARN_UNDECLARED_SELECTOR = YES;
				GCC_WARN_UNINITIALIZED_AUTOS = YES_AGGRESSIVE;
				GCC_WARN_UNUSED_FUNCTION = YES;
				GCC_WARN_UNUSED_VARIABLE = YES;
				IPHONEOS_DEPLOYMENT_TARGET = 11.2;
				MTL_ENABLE_DEBUG_INFO = NO;
				SDKROOT = iphoneos;
				VALIDATE_PRODUCT = YES;
			};
			name = Release;
		};
		B63B79CC20B58DAB0014FC90 /* Debug */ = {
			isa = XCBuildConfiguration;
			baseConfigurationReference = B7709F4F289E87F6EA6C6998 /* Pods-ZJPageController.debug.xcconfig */;
			buildSettings = {
				ASSETCATALOG_COMPILER_APPICON_NAME = AppIcon;
				CODE_SIGN_STYLE = Automatic;
				DEVELOPMENT_TEAM = N3379XTAJ9;
				INFOPLIST_FILE = ZJPageController/Info.plist;
				IPHONEOS_DEPLOYMENT_TARGET = 8.0;
				LD_RUNPATH_SEARCH_PATHS = "$(inherited) @executable_path/Frameworks";
				PRODUCT_BUNDLE_IDENTIFIER = com.jion.ZJPageController;
				PRODUCT_NAME = "$(TARGET_NAME)";
				TARGETED_DEVICE_FAMILY = "1,2";
			};
			name = Debug;
		};
		B63B79CD20B58DAB0014FC90 /* Release */ = {
			isa = XCBuildConfiguration;
			baseConfigurationReference = 781DC7F31B1F878FAFD210DE /* Pods-ZJPageController.release.xcconfig */;
			buildSettings = {
				ASSETCATALOG_COMPILER_APPICON_NAME = AppIcon;
				CODE_SIGN_STYLE = Automatic;
				DEVELOPMENT_TEAM = N3379XTAJ9;
				INFOPLIST_FILE = ZJPageController/Info.plist;
				IPHONEOS_DEPLOYMENT_TARGET = 8.0;
				LD_RUNPATH_SEARCH_PATHS = "$(inherited) @executable_path/Frameworks";
				PRODUCT_BUNDLE_IDENTIFIER = com.jion.ZJPageController;
				PRODUCT_NAME = "$(TARGET_NAME)";
				TARGETED_DEVICE_FAMILY = "1,2";
			};
			name = Release;
		};
		B63B79CF20B58DAB0014FC90 /* Debug */ = {
			isa = XCBuildConfiguration;
			baseConfigurationReference = 372E302501B8448DDC33D138 /* Pods-ZJPageControllerTests.debug.xcconfig */;
			buildSettings = {
				BUNDLE_LOADER = "$(TEST_HOST)";
				CODE_SIGN_STYLE = Automatic;
				INFOPLIST_FILE = ZJPageControllerTests/Info.plist;
				LD_RUNPATH_SEARCH_PATHS = "$(inherited) @executable_path/Frameworks @loader_path/Frameworks";
				PRODUCT_BUNDLE_IDENTIFIER = com.jion.ZJPageControllerTests;
				PRODUCT_NAME = "$(TARGET_NAME)";
				TARGETED_DEVICE_FAMILY = "1,2";
				TEST_HOST = "$(BUILT_PRODUCTS_DIR)/ZJPageController.app/ZJPageController";
			};
			name = Debug;
		};
		B63B79D020B58DAB0014FC90 /* Release */ = {
			isa = XCBuildConfiguration;
			baseConfigurationReference = C23914A88E79096E8A2E3919 /* Pods-ZJPageControllerTests.release.xcconfig */;
			buildSettings = {
				BUNDLE_LOADER = "$(TEST_HOST)";
				CODE_SIGN_STYLE = Automatic;
				INFOPLIST_FILE = ZJPageControllerTests/Info.plist;
				LD_RUNPATH_SEARCH_PATHS = "$(inherited) @executable_path/Frameworks @loader_path/Frameworks";
				PRODUCT_BUNDLE_IDENTIFIER = com.jion.ZJPageControllerTests;
				PRODUCT_NAME = "$(TARGET_NAME)";
				TARGETED_DEVICE_FAMILY = "1,2";
				TEST_HOST = "$(BUILT_PRODUCTS_DIR)/ZJPageController.app/ZJPageController";
			};
			name = Release;
		};
		B63B79D220B58DAB0014FC90 /* Debug */ = {
			isa = XCBuildConfiguration;
			baseConfigurationReference = 590402894F688E5D9B6A5261 /* Pods-ZJPageControllerUITests.debug.xcconfig */;
			buildSettings = {
				CODE_SIGN_STYLE = Automatic;
				INFOPLIST_FILE = ZJPageControllerUITests/Info.plist;
				LD_RUNPATH_SEARCH_PATHS = "$(inherited) @executable_path/Frameworks @loader_path/Frameworks";
				PRODUCT_BUNDLE_IDENTIFIER = com.jion.ZJPageControllerUITests;
				PRODUCT_NAME = "$(TARGET_NAME)";
				TARGETED_DEVICE_FAMILY = "1,2";
				TEST_TARGET_NAME = ZJPageController;
			};
			name = Debug;
		};
		B63B79D320B58DAB0014FC90 /* Release */ = {
			isa = XCBuildConfiguration;
			baseConfigurationReference = 64E6C278A93AA7372E6B6A82 /* Pods-ZJPageControllerUITests.release.xcconfig */;
			buildSettings = {
				CODE_SIGN_STYLE = Automatic;
				INFOPLIST_FILE = ZJPageControllerUITests/Info.plist;
				LD_RUNPATH_SEARCH_PATHS = "$(inherited) @executable_path/Frameworks @loader_path/Frameworks";
				PRODUCT_BUNDLE_IDENTIFIER = com.jion.ZJPageControllerUITests;
				PRODUCT_NAME = "$(TARGET_NAME)";
				TARGETED_DEVICE_FAMILY = "1,2";
				TEST_TARGET_NAME = ZJPageController;
			};
			name = Release;
		};
/* End XCBuildConfiguration section */

/* Begin XCConfigurationList section */
		B63B799A20B58DAB0014FC90 /* Build configuration list for PBXProject "ZJPageController" */ = {
			isa = XCConfigurationList;
			buildConfigurations = (
				B63B79C920B58DAB0014FC90 /* Debug */,
				B63B79CA20B58DAB0014FC90 /* Release */,
			);
			defaultConfigurationIsVisible = 0;
			defaultConfigurationName = Release;
		};
		B63B79CB20B58DAB0014FC90 /* Build configuration list for PBXNativeTarget "ZJPageController" */ = {
			isa = XCConfigurationList;
			buildConfigurations = (
				B63B79CC20B58DAB0014FC90 /* Debug */,
				B63B79CD20B58DAB0014FC90 /* Release */,
			);
			defaultConfigurationIsVisible = 0;
			defaultConfigurationName = Release;
		};
		B63B79CE20B58DAB0014FC90 /* Build configuration list for PBXNativeTarget "ZJPageControllerTests" */ = {
			isa = XCConfigurationList;
			buildConfigurations = (
				B63B79CF20B58DAB0014FC90 /* Debug */,
				B63B79D020B58DAB0014FC90 /* Release */,
			);
			defaultConfigurationIsVisible = 0;
			defaultConfigurationName = Release;
		};
		B63B79D120B58DAB0014FC90 /* Build configuration list for PBXNativeTarget "ZJPageControllerUITests" */ = {
			isa = XCConfigurationList;
			buildConfigurations = (
				B63B79D220B58DAB0014FC90 /* Debug */,
				B63B79D320B58DAB0014FC90 /* Release */,
			);
			defaultConfigurationIsVisible = 0;
			defaultConfigurationName = Release;
		};
/* End XCConfigurationList section */
	};
	rootObject = B63B799720B58DAB0014FC90 /* Project object */;
}
